// !$*UTF8*$!
{
	archiveVersion = 1;
	classes = {
	};
	objectVersion = 50;
	objects = {

/* Begin PBXBuildFile section */
		4251F93D23EBD04F00E77555 /* AppDelegate.swift in Sources */ = {isa = PBXBuildFile; fileRef = 4251F93C23EBD04F00E77555 /* AppDelegate.swift */; };
		4251F94123EBD04F00E77555 /* ViewController.swift in Sources */ = {isa = PBXBuildFile; fileRef = 4251F94023EBD04F00E77555 /* ViewController.swift */; };
		4251F94623EBD05100E77555 /* Assets.xcassets in Resources */ = {isa = PBXBuildFile; fileRef = 4251F94523EBD05100E77555 /* Assets.xcassets */; };
		4251F94923EBD05100E77555 /* LaunchScreen.storyboard in Resources */ = {isa = PBXBuildFile; fileRef = 4251F94723EBD05100E77555 /* LaunchScreen.storyboard */; };
		4251F95423EBD05100E77555 /* SeoulParkingTests.swift in Sources */ = {isa = PBXBuildFile; fileRef = 4251F95323EBD05100E77555 /* SeoulParkingTests.swift */; };
		4251F95F23EBD05100E77555 /* SeoulParkingUITests.swift in Sources */ = {isa = PBXBuildFile; fileRef = 4251F95E23EBD05100E77555 /* SeoulParkingUITests.swift */; };
		4251F96F23EBD8F900E77555 /* main.swift in Sources */ = {isa = PBXBuildFile; fileRef = 4251F96E23EBD8F900E77555 /* main.swift */; };
/* End PBXBuildFile section */

/* Begin PBXContainerItemProxy section */
		4251F95023EBD05100E77555 /* PBXContainerItemProxy */ = {
			isa = PBXContainerItemProxy;
			containerPortal = 4251F93123EBD04F00E77555 /* Project object */;
			proxyType = 1;
			remoteGlobalIDString = 4251F93823EBD04F00E77555;
			remoteInfo = SeoulParking;
		};
		4251F95B23EBD05100E77555 /* PBXContainerItemProxy */ = {
			isa = PBXContainerItemProxy;
			containerPortal = 4251F93123EBD04F00E77555 /* Project object */;
			proxyType = 1;
			remoteGlobalIDString = 4251F93823EBD04F00E77555;
			remoteInfo = SeoulParking;
		};
/* End PBXContainerItemProxy section */

/* Begin PBXFileReference section */
		4251F93923EBD04F00E77555 /* SeoulParking.app */ = {isa = PBXFileReference; explicitFileType = wrapper.application; includeInIndex = 0; path = SeoulParking.app; sourceTree = BUILT_PRODUCTS_DIR; };
		4251F93C23EBD04F00E77555 /* AppDelegate.swift */ = {isa = PBXFileReference; lastKnownFileType = sourcecode.swift; path = AppDelegate.swift; sourceTree = "<group>"; };
		4251F94023EBD04F00E77555 /* ViewController.swift */ = {isa = PBXFileReference; lastKnownFileType = sourcecode.swift; path = ViewController.swift; sourceTree = "<group>"; };
		4251F94523EBD05100E77555 /* Assets.xcassets */ = {isa = PBXFileReference; lastKnownFileType = folder.assetcatalog; path = Assets.xcassets; sourceTree = "<group>"; };
		4251F94823EBD05100E77555 /* Base */ = {isa = PBXFileReference; lastKnownFileType = file.storyboard; name = Base; path = Base.lproj/LaunchScreen.storyboard; sourceTree = "<group>"; };
		4251F94A23EBD05100E77555 /* Info.plist */ = {isa = PBXFileReference; lastKnownFileType = text.plist.xml; path = Info.plist; sourceTree = "<group>"; };
		4251F94F23EBD05100E77555 /* SeoulParkingTests.xctest */ = {isa = PBXFileReference; explicitFileType = wrapper.cfbundle; includeInIndex = 0; path = SeoulParkingTests.xctest; sourceTree = BUILT_PRODUCTS_DIR; };
		4251F95323EBD05100E77555 /* SeoulParkingTests.swift */ = {isa = PBXFileReference; lastKnownFileType = sourcecode.swift; path = SeoulParkingTests.swift; sourceTree = "<group>"; };
		4251F95523EBD05100E77555 /* Info.plist */ = {isa = PBXFileReference; lastKnownFileType = text.plist.xml; path = Info.plist; sourceTree = "<group>"; };
		4251F95A23EBD05100E77555 /* SeoulParkingUITests.xctest */ = {isa = PBXFileReference; explicitFileType = wrapper.cfbundle; includeInIndex = 0; path = SeoulParkingUITests.xctest; sourceTree = BUILT_PRODUCTS_DIR; };
		4251F95E23EBD05100E77555 /* SeoulParkingUITests.swift */ = {isa = PBXFileReference; lastKnownFileType = sourcecode.swift; path = SeoulParkingUITests.swift; sourceTree = "<group>"; };
		4251F96023EBD05100E77555 /* Info.plist */ = {isa = PBXFileReference; lastKnownFileType = text.plist.xml; path = Info.plist; sourceTree = "<group>"; };
		4251F96E23EBD8F900E77555 /* main.swift */ = {isa = PBXFileReference; lastKnownFileType = sourcecode.swift; path = main.swift; sourceTree = "<group>"; };
/* End PBXFileReference section */

/* Begin PBXFrameworksBuildPhase section */
		4251F93623EBD04F00E77555 /* Frameworks */ = {
			isa = PBXFrameworksBuildPhase;
			buildActionMask = 2147483647;
			files = (
			);
			runOnlyForDeploymentPostprocessing = 0;
		};
		4251F94C23EBD05100E77555 /* Frameworks */ = {
			isa = PBXFrameworksBuildPhase;
			buildActionMask = 2147483647;
			files = (
			);
			runOnlyForDeploymentPostprocessing = 0;
		};
		4251F95723EBD05100E77555 /* Frameworks */ = {
			isa = PBXFrameworksBuildPhase;
			buildActionMask = 2147483647;
			files = (
			);
			runOnlyForDeploymentPostprocessing = 0;
		};
/* End PBXFrameworksBuildPhase section */

/* Begin PBXGroup section */
		4251F93023EBD04F00E77555 = {
			isa = PBXGroup;
			children = (
				4251F93B23EBD04F00E77555 /* SeoulParking */,
				4251F95223EBD05100E77555 /* SeoulParkingTests */,
				4251F95D23EBD05100E77555 /* SeoulParkingUITests */,
				4251F93A23EBD04F00E77555 /* Products */,
			);
			sourceTree = "<group>";
		};
		4251F93A23EBD04F00E77555 /* Products */ = {
			isa = PBXGroup;
			children = (
				4251F93923EBD04F00E77555 /* SeoulParking.app */,
				4251F94F23EBD05100E77555 /* SeoulParkingTests.xctest */,
				4251F95A23EBD05100E77555 /* SeoulParkingUITests.xctest */,
			);
			name = Products;
			sourceTree = "<group>";
		};
		4251F93B23EBD04F00E77555 /* SeoulParking */ = {
			isa = PBXGroup;
			children = (
				4251F96E23EBD8F900E77555 /* main.swift */,
				4251F93C23EBD04F00E77555 /* AppDelegate.swift */,
				4251F94023EBD04F00E77555 /* ViewController.swift */,
				4251F94523EBD05100E77555 /* Assets.xcassets */,
				4251F94723EBD05100E77555 /* LaunchScreen.storyboard */,
				4251F94A23EBD05100E77555 /* Info.plist */,
			);
			path = SeoulParking;
			sourceTree = "<group>";
		};
		4251F95223EBD05100E77555 /* SeoulParkingTests */ = {
			isa = PBXGroup;
			children = (
				4251F95323EBD05100E77555 /* SeoulParkingTests.swift */,
				4251F95523EBD05100E77555 /* Info.plist */,
			);
			path = SeoulParkingTests;
			sourceTree = "<group>";
		};
		4251F95D23EBD05100E77555 /* SeoulParkingUITests */ = {
			isa = PBXGroup;
			children = (
				4251F95E23EBD05100E77555 /* SeoulParkingUITests.swift */,
				4251F96023EBD05100E77555 /* Info.plist */,
			);
			path = SeoulParkingUITests;
			sourceTree = "<group>";
		};
/* End PBXGroup section */

/* Begin PBXNativeTarget section */
		4251F93823EBD04F00E77555 /* SeoulParking */ = {
			isa = PBXNativeTarget;
			buildConfigurationList = 4251F96323EBD05100E77555 /* Build configuration list for PBXNativeTarget "SeoulParking" */;
			buildPhases = (
				4251F93523EBD04F00E77555 /* Sources */,
				4251F93623EBD04F00E77555 /* Frameworks */,
				4251F93723EBD04F00E77555 /* Resources */,
			);
			buildRules = (
			);
			dependencies = (
			);
			name = SeoulParking;
			productName = SeoulParking;
			productReference = 4251F93923EBD04F00E77555 /* SeoulParking.app */;
			productType = "com.apple.product-type.application";
		};
		4251F94E23EBD05100E77555 /* SeoulParkingTests */ = {
			isa = PBXNativeTarget;
			buildConfigurationList = 4251F96623EBD05100E77555 /* Build configuration list for PBXNativeTarget "SeoulParkingTests" */;
			buildPhases = (
				4251F94B23EBD05100E77555 /* Sources */,
				4251F94C23EBD05100E77555 /* Frameworks */,
				4251F94D23EBD05100E77555 /* Resources */,
			);
			buildRules = (
			);
			dependencies = (
				4251F95123EBD05100E77555 /* PBXTargetDependency */,
			);
			name = SeoulParkingTests;
			productName = SeoulParkingTests;
			productReference = 4251F94F23EBD05100E77555 /* SeoulParkingTests.xctest */;
			productType = "com.apple.product-type.bundle.unit-test";
		};
		4251F95923EBD05100E77555 /* SeoulParkingUITests */ = {
			isa = PBXNativeTarget;
			buildConfigurationList = 4251F96923EBD05100E77555 /* Build configuration list for PBXNativeTarget "SeoulParkingUITests" */;
			buildPhases = (
				4251F95623EBD05100E77555 /* Sources */,
				4251F95723EBD05100E77555 /* Frameworks */,
				4251F95823EBD05100E77555 /* Resources */,
			);
			buildRules = (
			);
			dependencies = (
				4251F95C23EBD05100E77555 /* PBXTargetDependency */,
			);
			name = SeoulParkingUITests;
			productName = SeoulParkingUITests;
			productReference = 4251F95A23EBD05100E77555 /* SeoulParkingUITests.xctest */;
			productType = "com.apple.product-type.bundle.ui-testing";
		};
/* End PBXNativeTarget section */

/* Begin PBXProject section */
		4251F93123EBD04F00E77555 /* Project object */ = {
			isa = PBXProject;
			attributes = {
				LastSwiftUpdateCheck = 1120;
				LastUpgradeCheck = 1120;
				ORGANIZATIONNAME = "손병근";
				TargetAttributes = {
					4251F93823EBD04F00E77555 = {
						CreatedOnToolsVersion = 11.2.1;
					};
					4251F94E23EBD05100E77555 = {
						CreatedOnToolsVersion = 11.2.1;
						TestTargetID = 4251F93823EBD04F00E77555;
					};
					4251F95923EBD05100E77555 = {
						CreatedOnToolsVersion = 11.2.1;
						TestTargetID = 4251F93823EBD04F00E77555;
					};
				};
			};
			buildConfigurationList = 4251F93423EBD04F00E77555 /* Build configuration list for PBXProject "SeoulParking" */;
			compatibilityVersion = "Xcode 9.3";
			developmentRegion = en;
			hasScannedForEncodings = 0;
			knownRegions = (
				en,
				Base,
			);
			mainGroup = 4251F93023EBD04F00E77555;
			productRefGroup = 4251F93A23EBD04F00E77555 /* Products */;
			projectDirPath = "";
			projectRoot = "";
			targets = (
				4251F93823EBD04F00E77555 /* SeoulParking */,
				4251F94E23EBD05100E77555 /* SeoulParkingTests */,
				4251F95923EBD05100E77555 /* SeoulParkingUITests */,
			);
		};
/* End PBXProject section */

/* Begin PBXResourcesBuildPhase section */
		4251F93723EBD04F00E77555 /* Resources */ = {
			isa = PBXResourcesBuildPhase;
			buildActionMask = 2147483647;
			files = (
				4251F94923EBD05100E77555 /* LaunchScreen.storyboard in Resources */,
				4251F94623EBD05100E77555 /* Assets.xcassets in Resources */,
			);
			runOnlyForDeploymentPostprocessing = 0;
		};
		4251F94D23EBD05100E77555 /* Resources */ = {
			isa = PBXResourcesBuildPhase;
			buildActionMask = 2147483647;
			files = (
			);
			runOnlyForDeploymentPostprocessing = 0;
		};
		4251F95823EBD05100E77555 /* Resources */ = {
			isa = PBXResourcesBuildPhase;
			buildActionMask = 2147483647;
			files = (
			);
			runOnlyForDeploymentPostprocessing = 0;
		};
/* End PBXResourcesBuildPhase section */

/* Begin PBXSourcesBuildPhase section */
		4251F93523EBD04F00E77555 /* Sources */ = {
			isa = PBXSourcesBuildPhase;
			buildActionMask = 2147483647;
			files = (
				4251F94123EBD04F00E77555 /* ViewController.swift in Sources */,
				4251F93D23EBD04F00E77555 /* AppDelegate.swift in Sources */,
				4251F96F23EBD8F900E77555 /* main.swift in Sources */,
			);
			runOnlyForDeploymentPostprocessing = 0;
		};
		4251F94B23EBD05100E77555 /* Sources */ = {
			isa = PBXSourcesBuildPhase;
			buildActionMask = 2147483647;
			files = (
				4251F95423EBD05100E77555 /* SeoulParkingTests.swift in Sources */,
			);
			runOnlyForDeploymentPostprocessing = 0;
		};
		4251F95623EBD05100E77555 /* Sources */ = {
			isa = PBXSourcesBuildPhase;
			buildActionMask = 2147483647;
			files = (
				4251F95F23EBD05100E77555 /* SeoulParkingUITests.swift in Sources */,
			);
			runOnlyForDeploymentPostprocessing = 0;
		};
/* End PBXSourcesBuildPhase section */

/* Begin PBXTargetDependency section */
		4251F95123EBD05100E77555 /* PBXTargetDependency */ = {
			isa = PBXTargetDependency;
			target = 4251F93823EBD04F00E77555 /* SeoulParking */;
			targetProxy = 4251F95023EBD05100E77555 /* PBXContainerItemProxy */;
		};
		4251F95C23EBD05100E77555 /* PBXTargetDependency */ = {
			isa = PBXTargetDependency;
			target = 4251F93823EBD04F00E77555 /* SeoulParking */;
			targetProxy = 4251F95B23EBD05100E77555 /* PBXContainerItemProxy */;
		};
/* End PBXTargetDependency section */

/* Begin PBXVariantGroup section */
		4251F94723EBD05100E77555 /* LaunchScreen.storyboard */ = {
			isa = PBXVariantGroup;
			children = (
				4251F94823EBD05100E77555 /* Base */,
			);
			name = LaunchScreen.storyboard;
			sourceTree = "<group>";
		};
/* End PBXVariantGroup section */

/* Begin XCBuildConfiguration section */
		4251F96123EBD05100E77555 /* Debug */ = {
			isa = XCBuildConfiguration;
			buildSettings = {
				ALWAYS_SEARCH_USER_PATHS = NO;
				CLANG_ANALYZER_NONNULL = YES;
				CLANG_ANALYZER_NUMBER_OBJECT_CONVERSION = YES_AGGRESSIVE;
				CLANG_CXX_LANGUAGE_STANDARD = "gnu++14";
				CLANG_CXX_LIBRARY = "libc++";
				CLANG_ENABLE_MODULES = YES;
				CLANG_ENABLE_OBJC_ARC = YES;
				CLANG_ENABLE_OBJC_WEAK = YES;
				CLANG_WARN_BLOCK_CAPTURE_AUTORELEASING = YES;
				CLANG_WARN_BOOL_CONVERSION = YES;
				CLANG_WARN_COMMA = YES;
				CLANG_WARN_CONSTANT_CONVERSION = YES;
				CLANG_WARN_DEPRECATED_OBJC_IMPLEMENTATIONS = YES;
				CLANG_WARN_DIRECT_OBJC_ISA_USAGE = YES_ERROR;
				CLANG_WARN_DOCUMENTATION_COMMENTS = YES;
				CLANG_WARN_EMPTY_BODY = YES;
				CLANG_WARN_ENUM_CONVERSION = YES;
				CLANG_WARN_INFINITE_RECURSION = YES;
				CLANG_WARN_INT_CONVERSION = YES;
				CLANG_WARN_NON_LITERAL_NULL_CONVERSION = YES;
				CLANG_WARN_OBJC_IMPLICIT_RETAIN_SELF = YES;
				CLANG_WARN_OBJC_LITERAL_CONVERSION = YES;
				CLANG_WARN_OBJC_ROOT_CLASS = YES_ERROR;
				CLANG_WARN_RANGE_LOOP_ANALYSIS = YES;
				CLANG_WARN_STRICT_PROTOTYPES = YES;
				CLANG_WARN_SUSPICIOUS_MOVE = YES;
				CLANG_WARN_UNGUARDED_AVAILABILITY = YES_AGGRESSIVE;
				CLANG_WARN_UNREACHABLE_CODE = YES;
				CLANG_WARN__DUPLICATE_METHOD_MATCH = YES;
				COPY_PHASE_STRIP = NO;
				DEBUG_INFORMATION_FORMAT = dwarf;
				ENABLE_STRICT_OBJC_MSGSEND = YES;
				ENABLE_TESTABILITY = YES;
				GCC_C_LANGUAGE_STANDARD = gnu11;
				GCC_DYNAMIC_NO_PIC = NO;
				GCC_NO_COMMON_BLOCKS = YES;
				GCC_OPTIMIZATION_LEVEL = 0;
				GCC_PREPROCESSOR_DEFINITIONS = (
					"DEBUG=1",
					"$(inherited)",
				);
				GCC_WARN_64_TO_32_BIT_CONVERSION = YES;
				GCC_WARN_ABOUT_RETURN_TYPE = YES_ERROR;
				GCC_WARN_UNDECLARED_SELECTOR = YES;
				GCC_WARN_UNINITIALIZED_AUTOS = YES_AGGRESSIVE;
				GCC_WARN_UNUSED_FUNCTION = YES;
				GCC_WARN_UNUSED_VARIABLE = YES;
				IPHONEOS_DEPLOYMENT_TARGET = 13.2;
				MTL_ENABLE_DEBUG_INFO = INCLUDE_SOURCE;
				MTL_FAST_MATH = YES;
				ONLY_ACTIVE_ARCH = YES;
				SDKROOT = iphoneos;
				SWIFT_ACTIVE_COMPILATION_CONDITIONS = DEBUG;
				SWIFT_OPTIMIZATION_LEVEL = "-Onone";
			};
			name = Debug;
		};
		4251F96223EBD05100E77555 /* Release */ = {
			isa = XCBuildConfiguration;
			buildSettings = {
				ALWAYS_SEARCH_USER_PATHS = NO;
				CLANG_ANALYZER_NONNULL = YES;
				CLANG_ANALYZER_NUMBER_OBJECT_CONVERSION = YES_AGGRESSIVE;
				CLANG_CXX_LANGUAGE_STANDARD = "gnu++14";
				CLANG_CXX_LIBRARY = "libc++";
				CLANG_ENABLE_MODULES = YES;
				CLANG_ENABLE_OBJC_ARC = YES;
				CLANG_ENABLE_OBJC_WEAK = YES;
				CLANG_WARN_BLOCK_CAPTURE_AUTORELEASING = YES;
				CLANG_WARN_BOOL_CONVERSION = YES;
				CLANG_WARN_COMMA = YES;
				CLANG_WARN_CONSTANT_CONVERSION = YES;
				CLANG_WARN_DEPRECATED_OBJC_IMPLEMENTATIONS = YES;
				CLANG_WARN_DIRECT_OBJC_ISA_USAGE = YES_ERROR;
				CLANG_WARN_DOCUMENTATION_COMMENTS = YES;
				CLANG_WARN_EMPTY_BODY = YES;
				CLANG_WARN_ENUM_CONVERSION = YES;
				CLANG_WARN_INFINITE_RECURSION = YES;
				CLANG_WARN_INT_CONVERSION = YES;
				CLANG_WARN_NON_LITERAL_NULL_CONVERSION = YES;
				CLANG_WARN_OBJC_IMPLICIT_RETAIN_SELF = YES;
				CLANG_WARN_OBJC_LITERAL_CONVERSION = YES;
				CLANG_WARN_OBJC_ROOT_CLASS = YES_ERROR;
				CLANG_WARN_RANGE_LOOP_ANALYSIS = YES;
				CLANG_WARN_STRICT_PROTOTYPES = YES;
				CLANG_WARN_SUSPICIOUS_MOVE = YES;
				CLANG_WARN_UNGUARDED_AVAILABILITY = YES_AGGRESSIVE;
				CLANG_WARN_UNREACHABLE_CODE = YES;
				CLANG_WARN__DUPLICATE_METHOD_MATCH = YES;
				COPY_PHASE_STRIP = NO;
				DEBUG_INFORMATION_FORMAT = "dwarf-with-dsym";
				ENABLE_NS_ASSERTIONS = NO;
				ENABLE_STRICT_OBJC_MSGSEND = YES;
				GCC_C_LANGUAGE_STANDARD = gnu11;
				GCC_NO_COMMON_BLOCKS = YES;
				GCC_WARN_64_TO_32_BIT_CONVERSION = YES;
				GCC_WARN_ABOUT_RETURN_TYPE = YES_ERROR;
				GCC_WARN_UNDECLARED_SELECTOR = YES;
				GCC_WARN_UNINITIALIZED_AUTOS = YES_AGGRESSIVE;
				GCC_WARN_UNUSED_FUNCTION = YES;
				GCC_WARN_UNUSED_VARIABLE = YES;
				IPHONEOS_DEPLOYMENT_TARGET = 13.2;
				MTL_ENABLE_DEBUG_INFO = NO;
				MTL_FAST_MATH = YES;
				SDKROOT = iphoneos;
				SWIFT_COMPILATION_MODE = wholemodule;
				SWIFT_OPTIMIZATION_LEVEL = "-O";
				VALIDATE_PRODUCT = YES;
			};
			name = Release;
		};
		4251F96423EBD05100E77555 /* Debug */ = {
			isa = XCBuildConfiguration;
			buildSettings = {
				ASSETCATALOG_COMPILER_APPICON_NAME = AppIcon;
				CODE_SIGN_STYLE = Automatic;
				DEVELOPMENT_TEAM = 97C96KP84G;
				INFOPLIST_FILE = SeoulParking/Info.plist;
				LD_RUNPATH_SEARCH_PATHS = (
					"$(inherited)",
					"@executable_path/Frameworks",
				);
				PRODUCT_BUNDLE_IDENTIFIER = ca.byeonggeunSon.SeoulParking;
				PRODUCT_NAME = "$(TARGET_NAME)";
				SWIFT_VERSION = 5.0;
				TARGETED_DEVICE_FAMILY = "1,2";
			};
			name = Debug;
		};
		4251F96523EBD05100E77555 /* Release */ = {
			isa = XCBuildConfiguration;
			buildSettings = {
				ASSETCATALOG_COMPILER_APPICON_NAME = AppIcon;
				CODE_SIGN_STYLE = Automatic;
				DEVELOPMENT_TEAM = 97C96KP84G;
				INFOPLIST_FILE = SeoulParking/Info.plist;
				LD_RUNPATH_SEARCH_PATHS = (
					"$(inherited)",
					"@executable_path/Frameworks",
				);
				PRODUCT_BUNDLE_IDENTIFIER = ca.byeonggeunSon.SeoulParking;
				PRODUCT_NAME = "$(TARGET_NAME)";
				SWIFT_VERSION = 5.0;
				TARGETED_DEVICE_FAMILY = "1,2";
			};
			name = Release;
		};
		4251F96723EBD05100E77555 /* Debug */ = {
			isa = XCBuildConfiguration;
			buildSettings = {
				ALWAYS_EMBED_SWIFT_STANDARD_LIBRARIES = YES;
				BUNDLE_LOADER = "$(TEST_HOST)";
				CODE_SIGN_STYLE = Automatic;
				DEVELOPMENT_TEAM = 97C96KP84G;
				INFOPLIST_FILE = SeoulParkingTests/Info.plist;
				IPHONEOS_DEPLOYMENT_TARGET = 13.2;
				LD_RUNPATH_SEARCH_PATHS = (
					"$(inherited)",
					"@executable_path/Frameworks",
					"@loader_path/Frameworks",
				);
				PRODUCT_BUNDLE_IDENTIFIER = ca.byeonggeunSon.SeoulParkingTests;
				PRODUCT_NAME = "$(TARGET_NAME)";
				SWIFT_VERSION = 5.0;
				TARGETED_DEVICE_FAMILY = "1,2";
				TEST_HOST = "$(BUILT_PRODUCTS_DIR)/SeoulParking.app/SeoulParking";
			};
			name = Debug;
		};
		4251F96823EBD05100E77555 /* Release */ = {
			isa = XCBuildConfiguration;
			buildSettings = {
				ALWAYS_EMBED_SWIFT_STANDARD_LIBRARIES = YES;
				BUNDLE_LOADER = "$(TEST_HOST)";
				CODE_SIGN_STYLE = Automatic;
				DEVELOPMENT_TEAM = 97C96KP84G;
				INFOPLIST_FILE = SeoulParkingTests/Info.plist;
				IPHONEOS_DEPLOYMENT_TARGET = 13.2;
				LD_RUNPATH_SEARCH_PATHS = (
					"$(inherited)",
					"@executable_path/Frameworks",
					"@loader_path/Frameworks",
				);
				PRODUCT_BUNDLE_IDENTIFIER = ca.byeonggeunSon.SeoulParkingTests;
				PRODUCT_NAME = "$(TARGET_NAME)";
				SWIFT_VERSION = 5.0;
				TARGETED_DEVICE_FAMILY = "1,2";
				TEST_HOST = "$(BUILT_PRODUCTS_DIR)/SeoulParking.app/SeoulParking";
			};
			name = Release;
		};
		4251F96A23EBD05100E77555 /* Debug */ = {
			isa = XCBuildConfiguration;
			buildSettings = {
				ALWAYS_EMBED_SWIFT_STANDARD_LIBRARIES = YES;
				CODE_SIGN_STYLE = Automatic;
				DEVELOPMENT_TEAM = 97C96KP84G;
				INFOPLIST_FILE = SeoulParkingUITests/Info.plist;
				LD_RUNPATH_SEARCH_PATHS = (
					"$(inherited)",
					"@executable_path/Frameworks",
					"@loader_path/Frameworks",
				);
				PRODUCT_BUNDLE_IDENTIFIER = ca.byeonggeunSon.SeoulParkingUITests;
				PRODUCT_NAME = "$(TARGET_NAME)";
				SWIFT_VERSION = 5.0;
				TARGETED_DEVICE_FAMILY = "1,2";
				TEST_TARGET_NAME = SeoulParking;
			};
			name = Debug;
		};
		4251F96B23EBD05100E77555 /* Release */ = {
			isa = XCBuildConfiguration;
			buildSettings = {
				ALWAYS_EMBED_SWIFT_STANDARD_LIBRARIES = YES;
				CODE_SIGN_STYLE = Automatic;
				DEVELOPMENT_TEAM = 97C96KP84G;
				INFOPLIST_FILE = SeoulParkingUITests/Info.plist;
				LD_RUNPATH_SEARCH_PATHS = (
					"$(inherited)",
					"@executable_path/Frameworks",
					"@loader_path/Frameworks",
				);
				PRODUCT_BUNDLE_IDENTIFIER = ca.byeonggeunSon.SeoulParkingUITests;
				PRODUCT_NAME = "$(TARGET_NAME)";
				SWIFT_VERSION = 5.0;
				TARGETED_DEVICE_FAMILY = "1,2";
				TEST_TARGET_NAME = SeoulParking;
			};
			name = Release;
		};
/* End XCBuildConfiguration section */

/* Begin XCConfigurationList section */
		4251F93423EBD04F00E77555 /* Build configuration list for PBXProject "SeoulParking" */ = {
			isa = XCConfigurationList;
			buildConfigurations = (
				4251F96123EBD05100E77555 /* Debug */,
				4251F96223EBD05100E77555 /* Release */,
			);
			defaultConfigurationIsVisible = 0;
			defaultConfigurationName = Release;
		};
		4251F96323EBD05100E77555 /* Build configuration list for PBXNativeTarget "SeoulParking" */ = {
			isa = XCConfigurationList;
			buildConfigurations = (
				4251F96423EBD05100E77555 /* Debug */,
				4251F96523EBD05100E77555 /* Release */,
			);
			defaultConfigurationIsVisible = 0;
			defaultConfigurationName = Release;
		};
		4251F96623EBD05100E77555 /* Build configuration list for PBXNativeTarget "SeoulParkingTests" */ = {
			isa = XCConfigurationList;
			buildConfigurations = (
				4251F96723EBD05100E77555 /* Debug */,
				4251F96823EBD05100E77555 /* Release */,
			);
			defaultConfigurationIsVisible = 0;
			defaultConfigurationName = Release;
		};
		4251F96923EBD05100E77555 /* Build configuration list for PBXNativeTarget "SeoulParkingUITests" */ = {
			isa = XCConfigurationList;
			buildConfigurations = (
				4251F96A23EBD05100E77555 /* Debug */,
				4251F96B23EBD05100E77555 /* Release */,
			);
			defaultConfigurationIsVisible = 0;
			defaultConfigurationName = Release;
		};
/* End XCConfigurationList section */
	};
	rootObject = 4251F93123EBD04F00E77555 /* Project object */;
}
